
Microsoft Visual Studio Solution File, Format Version 12.00
# Visual Studio Version 16
VisualStudioVersion = 16.0.30011.22
MinimumVisualStudioVersion = 10.0.40219.1
Project("{FAE04EC0-301F-11D3-BF4B-00C04F79EFBC}") = "CompanyEmployees", "CompanyEmployees\CompanyEmployees.csproj", "{A61E4B3F-898E-4C3F-8BA8-C10D60BF0604}"
EndProject
Project("{FAE04EC0-301F-11D3-BF4B-00C04F79EFBC}") = "Contracts", "Contracts\Contracts.csproj", "{69D36EAF-547D-4362-981B-0DF8D257DE2C}"
EndProject
Project("{FAE04EC0-301F-11D3-BF4B-00C04F79EFBC}") = "LoggerService", "LoggerService\LoggerService.csproj", "{E1CBBF02-A5A7-4D5B-95B6-14E5060AE38B}"
EndProject
Global
	GlobalSection(SolutionConfigurationPlatforms) = preSolution
		Debug|Any CPU = Debug|Any CPU
		Release|Any CPU = Release|Any CPU
	EndGlobalSection
	GlobalSection(ProjectConfigurationPlatforms) = postSolution
		{A61E4B3F-898E-4C3F-8BA8-C10D60BF0604}.Debug|Any CPU.ActiveCfg = Debug|Any CPU
		{A61E4B3F-898E-4C3F-8BA8-C10D60BF0604}.Debug|Any CPU.Build.0 = Debug|Any CPU
		{A61E4B3F-898E-4C3F-8BA8-C10D60BF0604}.Release|Any CPU.ActiveCfg = Release|Any CPU
		{A61E4B3F-898E-4C3F-8BA8-C10D60BF0604}.Release|Any CPU.Build.0 = Release|Any CPU
		{69D36EAF-547D-4362-981B-0DF8D257DE2C}.Debug|Any CPU.ActiveCfg = Debug|Any CPU
		{69D36EAF-547D-4362-981B-0DF8D257DE2C}.Debug|Any CPU.Build.0 = Debug|Any CPU
		{69D36EAF-547D-4362-981B-0DF8D257DE2C}.Release|Any CPU.ActiveCfg = Release|Any CPU
		{69D36EAF-547D-4362-981B-0DF8D257DE2C}.Release|Any CPU.Build.0 = Release|Any CPU
		{E1CBBF02-A5A7-4D5B-95B6-14E5060AE38B}.Debug|Any CPU.ActiveCfg = Debug|Any CPU
		{E1CBBF02-A5A7-4D5B-95B6-14E5060AE38B}.Debug|Any CPU.Build.0 = Debug|Any CPU
		{E1CBBF02-A5A7-4D5B-95B6-14E5060AE38B}.Release|Any CPU.ActiveCfg = Release|Any CPU
		{E1CBBF02-A5A7-4D5B-95B6-14E5060AE38B}.Release|Any CPU.Build.0 = Release|Any CPU
	EndGlobalSection
	GlobalSection(SolutionProperties) = preSolution
		HideSolutionNode = FALSE
	EndGlobalSection
	GlobalSection(ExtensibilityGlobals) = postSolution
		SolutionGuid = {9CD299C9-03AF-4925-857D-D42CA05449A9}
	EndGlobalSection
EndGlobal
